// !$*UTF8*$!
{
	archiveVersion = 1;
	classes = {
	};
	objectVersion = 56;
	objects = {

/* Begin PBXBuildFile section */
		AA0503F82B5D59DB008D70E1 /* FollowerModel.swift in Sources */ = {isa = PBXBuildFile; fileRef = AA0503F72B5D59DB008D70E1 /* FollowerModel.swift */; };
		AA0503FA2B5D5A63008D70E1 /* UserModel.swift in Sources */ = {isa = PBXBuildFile; fileRef = AA0503F92B5D5A63008D70E1 /* UserModel.swift */; };
		AA0503FE2B5D65C2008D70E1 /* NetworkManager.swift in Sources */ = {isa = PBXBuildFile; fileRef = AA0503FD2B5D65C2008D70E1 /* NetworkManager.swift */; };
		AA3D0AD02B606014006B8185 /* GFEmptyStateView.swift in Sources */ = {isa = PBXBuildFile; fileRef = AA3D0ACF2B606014006B8185 /* GFEmptyStateView.swift */; };
		AA73FA612B5DEEA900D2BADD /* GFFollowerCollectionViewCell.swift in Sources */ = {isa = PBXBuildFile; fileRef = AA73FA602B5DEEA900D2BADD /* GFFollowerCollectionViewCell.swift */; };
		AA73FA642B5DEF2600D2BADD /* GFAvatarImageView.swift in Sources */ = {isa = PBXBuildFile; fileRef = AA73FA632B5DEF2600D2BADD /* GFAvatarImageView.swift */; };
		AA77FB962B5C4E8100A0E9DF /* GFTitleLabel.swift in Sources */ = {isa = PBXBuildFile; fileRef = AA77FB952B5C4E8100A0E9DF /* GFTitleLabel.swift */; };
		AA77FB982B5C4FA300A0E9DF /* GFBodyLabel.swift in Sources */ = {isa = PBXBuildFile; fileRef = AA77FB972B5C4FA300A0E9DF /* GFBodyLabel.swift */; };
		AA77FB9B2B5C515000A0E9DF /* GFAlertViewController.swift in Sources */ = {isa = PBXBuildFile; fileRef = AA77FB9A2B5C515000A0E9DF /* GFAlertViewController.swift */; };
		AA77FB9F2B5C56EC00A0E9DF /* UIViewController+Extension.swift in Sources */ = {isa = PBXBuildFile; fileRef = AA77FB9E2B5C56EC00A0E9DF /* UIViewController+Extension.swift */; };
		AA7DBB282B59CE6B002BE205 /* AppDelegate.swift in Sources */ = {isa = PBXBuildFile; fileRef = AA7DBB272B59CE6B002BE205 /* AppDelegate.swift */; };
		AA7DBB2A2B59CE6B002BE205 /* SceneDelegate.swift in Sources */ = {isa = PBXBuildFile; fileRef = AA7DBB292B59CE6B002BE205 /* SceneDelegate.swift */; };
		AA7DBB312B59CE6C002BE205 /* Assets.xcassets in Resources */ = {isa = PBXBuildFile; fileRef = AA7DBB302B59CE6C002BE205 /* Assets.xcassets */; };
		AA7DBB342B59CE6C002BE205 /* LaunchScreen.storyboard in Resources */ = {isa = PBXBuildFile; fileRef = AA7DBB322B59CE6C002BE205 /* LaunchScreen.storyboard */; };
		AA7DBB422B59E4E5002BE205 /* GFSearchViewController.swift in Sources */ = {isa = PBXBuildFile; fileRef = AA7DBB412B59E4E5002BE205 /* GFSearchViewController.swift */; };
		AA7DBB442B59E4EF002BE205 /* GFFavoritesViewController.swift in Sources */ = {isa = PBXBuildFile; fileRef = AA7DBB432B59E4EF002BE205 /* GFFavoritesViewController.swift */; };
		AA7DBB4A2B5AB4C0002BE205 /* GFButton.swift in Sources */ = {isa = PBXBuildFile; fileRef = AA7DBB492B5AB4C0002BE205 /* GFButton.swift */; };
		AA7DBB4D2B5AD957002BE205 /* GFTextField.swift in Sources */ = {isa = PBXBuildFile; fileRef = AA7DBB4C2B5AD957002BE205 /* GFTextField.swift */; };
		AA7DBB4F2B5AE37D002BE205 /* GFFollowerListViewController.swift in Sources */ = {isa = PBXBuildFile; fileRef = AA7DBB4E2B5AE37D002BE205 /* GFFollowerListViewController.swift */; };
		AAB907122B654A3C004DFC84 /* GFUserInfoHeaderViewController.swift in Sources */ = {isa = PBXBuildFile; fileRef = AAB907112B654A3C004DFC84 /* GFUserInfoHeaderViewController.swift */; };
		AAB907142B654A9E004DFC84 /* GFSecondaryTitleLabel.swift in Sources */ = {isa = PBXBuildFile; fileRef = AAB907132B654A9E004DFC84 /* GFSecondaryTitleLabel.swift */; };
		AAB907162B654DB2004DFC84 /* UIView+Extension.swift in Sources */ = {isa = PBXBuildFile; fileRef = AAB907152B654DB2004DFC84 /* UIView+Extension.swift */; };
		AAB907192B655B0B004DFC84 /* SFSymbols.swift in Sources */ = {isa = PBXBuildFile; fileRef = AAB907182B655B0B004DFC84 /* SFSymbols.swift */; };
		AAB9071B2B6574E0004DFC84 /* GFItemInfoView.swift in Sources */ = {isa = PBXBuildFile; fileRef = AAB9071A2B6574E0004DFC84 /* GFItemInfoView.swift */; };
		AAB9071D2B657D32004DFC84 /* GFItemInfoViewController.swift in Sources */ = {isa = PBXBuildFile; fileRef = AAB9071C2B657D32004DFC84 /* GFItemInfoViewController.swift */; };
		AAB9071F2B657F47004DFC84 /* GFRepoItemViewController.swift in Sources */ = {isa = PBXBuildFile; fileRef = AAB9071E2B657F47004DFC84 /* GFRepoItemViewController.swift */; };
		AAB907212B658809004DFC84 /* GFFollowerItemViewController.swift in Sources */ = {isa = PBXBuildFile; fileRef = AAB907202B658809004DFC84 /* GFFollowerItemViewController.swift */; };
		AAB907252B658CF0004DFC84 /* Date+Extension.swift in Sources */ = {isa = PBXBuildFile; fileRef = AAB907242B658CF0004DFC84 /* Date+Extension.swift */; };
		AAB907272B658D1B004DFC84 /* String+Extension.swift in Sources */ = {isa = PBXBuildFile; fileRef = AAB907262B658D1B004DFC84 /* String+Extension.swift */; };
		AAFBDDD92B61603900EB991E /* GFUserInfoViewController.swift in Sources */ = {isa = PBXBuildFile; fileRef = AAFBDDD82B61603900EB991E /* GFUserInfoViewController.swift */; };
/* End PBXBuildFile section */

/* Begin PBXFileReference section */
		AA0503F72B5D59DB008D70E1 /* FollowerModel.swift */ = {isa = PBXFileReference; lastKnownFileType = sourcecode.swift; path = FollowerModel.swift; sourceTree = "<group>"; };
		AA0503F92B5D5A63008D70E1 /* UserModel.swift */ = {isa = PBXFileReference; lastKnownFileType = sourcecode.swift; path = UserModel.swift; sourceTree = "<group>"; };
		AA0503FD2B5D65C2008D70E1 /* NetworkManager.swift */ = {isa = PBXFileReference; lastKnownFileType = sourcecode.swift; path = NetworkManager.swift; sourceTree = "<group>"; };
		AA3D0ACF2B606014006B8185 /* GFEmptyStateView.swift */ = {isa = PBXFileReference; lastKnownFileType = sourcecode.swift; path = GFEmptyStateView.swift; sourceTree = "<group>"; };
		AA73FA602B5DEEA900D2BADD /* GFFollowerCollectionViewCell.swift */ = {isa = PBXFileReference; lastKnownFileType = sourcecode.swift; path = GFFollowerCollectionViewCell.swift; sourceTree = "<group>"; };
		AA73FA632B5DEF2600D2BADD /* GFAvatarImageView.swift */ = {isa = PBXFileReference; lastKnownFileType = sourcecode.swift; path = GFAvatarImageView.swift; sourceTree = "<group>"; };
		AA77FB952B5C4E8100A0E9DF /* GFTitleLabel.swift */ = {isa = PBXFileReference; lastKnownFileType = sourcecode.swift; path = GFTitleLabel.swift; sourceTree = "<group>"; };
		AA77FB972B5C4FA300A0E9DF /* GFBodyLabel.swift */ = {isa = PBXFileReference; lastKnownFileType = sourcecode.swift; path = GFBodyLabel.swift; sourceTree = "<group>"; };
		AA77FB9A2B5C515000A0E9DF /* GFAlertViewController.swift */ = {isa = PBXFileReference; lastKnownFileType = sourcecode.swift; path = GFAlertViewController.swift; sourceTree = "<group>"; };
		AA77FB9E2B5C56EC00A0E9DF /* UIViewController+Extension.swift */ = {isa = PBXFileReference; lastKnownFileType = sourcecode.swift; path = "UIViewController+Extension.swift"; sourceTree = "<group>"; };
		AA7DBB242B59CE6B002BE205 /* GHFollowers.app */ = {isa = PBXFileReference; explicitFileType = wrapper.application; includeInIndex = 0; path = GHFollowers.app; sourceTree = BUILT_PRODUCTS_DIR; };
		AA7DBB272B59CE6B002BE205 /* AppDelegate.swift */ = {isa = PBXFileReference; lastKnownFileType = sourcecode.swift; path = AppDelegate.swift; sourceTree = "<group>"; };
		AA7DBB292B59CE6B002BE205 /* SceneDelegate.swift */ = {isa = PBXFileReference; lastKnownFileType = sourcecode.swift; path = SceneDelegate.swift; sourceTree = "<group>"; };
		AA7DBB302B59CE6C002BE205 /* Assets.xcassets */ = {isa = PBXFileReference; lastKnownFileType = folder.assetcatalog; path = Assets.xcassets; sourceTree = "<group>"; };
		AA7DBB332B59CE6C002BE205 /* Base */ = {isa = PBXFileReference; lastKnownFileType = file.storyboard; name = Base; path = Base.lproj/LaunchScreen.storyboard; sourceTree = "<group>"; };
		AA7DBB352B59CE6C002BE205 /* Info.plist */ = {isa = PBXFileReference; lastKnownFileType = text.plist.xml; path = Info.plist; sourceTree = "<group>"; };
		AA7DBB412B59E4E5002BE205 /* GFSearchViewController.swift */ = {isa = PBXFileReference; lastKnownFileType = sourcecode.swift; path = GFSearchViewController.swift; sourceTree = "<group>"; };
		AA7DBB432B59E4EF002BE205 /* GFFavoritesViewController.swift */ = {isa = PBXFileReference; lastKnownFileType = sourcecode.swift; path = GFFavoritesViewController.swift; sourceTree = "<group>"; };
		AA7DBB492B5AB4C0002BE205 /* GFButton.swift */ = {isa = PBXFileReference; lastKnownFileType = sourcecode.swift; path = GFButton.swift; sourceTree = "<group>"; };
		AA7DBB4C2B5AD957002BE205 /* GFTextField.swift */ = {isa = PBXFileReference; lastKnownFileType = sourcecode.swift; path = GFTextField.swift; sourceTree = "<group>"; };
		AA7DBB4E2B5AE37D002BE205 /* GFFollowerListViewController.swift */ = {isa = PBXFileReference; lastKnownFileType = sourcecode.swift; path = GFFollowerListViewController.swift; sourceTree = "<group>"; };
		AAB907112B654A3C004DFC84 /* GFUserInfoHeaderViewController.swift */ = {isa = PBXFileReference; lastKnownFileType = sourcecode.swift; path = GFUserInfoHeaderViewController.swift; sourceTree = "<group>"; };
		AAB907132B654A9E004DFC84 /* GFSecondaryTitleLabel.swift */ = {isa = PBXFileReference; lastKnownFileType = sourcecode.swift; path = GFSecondaryTitleLabel.swift; sourceTree = "<group>"; };
		AAB907152B654DB2004DFC84 /* UIView+Extension.swift */ = {isa = PBXFileReference; lastKnownFileType = sourcecode.swift; path = "UIView+Extension.swift"; sourceTree = "<group>"; };
		AAB907182B655B0B004DFC84 /* SFSymbols.swift */ = {isa = PBXFileReference; lastKnownFileType = sourcecode.swift; path = SFSymbols.swift; sourceTree = "<group>"; };
		AAB9071A2B6574E0004DFC84 /* GFItemInfoView.swift */ = {isa = PBXFileReference; lastKnownFileType = sourcecode.swift; path = GFItemInfoView.swift; sourceTree = "<group>"; };
		AAB9071C2B657D32004DFC84 /* GFItemInfoViewController.swift */ = {isa = PBXFileReference; lastKnownFileType = sourcecode.swift; path = GFItemInfoViewController.swift; sourceTree = "<group>"; };
		AAB9071E2B657F47004DFC84 /* GFRepoItemViewController.swift */ = {isa = PBXFileReference; lastKnownFileType = sourcecode.swift; path = GFRepoItemViewController.swift; sourceTree = "<group>"; };
		AAB907202B658809004DFC84 /* GFFollowerItemViewController.swift */ = {isa = PBXFileReference; lastKnownFileType = sourcecode.swift; path = GFFollowerItemViewController.swift; sourceTree = "<group>"; };
		AAB907242B658CF0004DFC84 /* Date+Extension.swift */ = {isa = PBXFileReference; lastKnownFileType = sourcecode.swift; path = "Date+Extension.swift"; sourceTree = "<group>"; };
		AAB907262B658D1B004DFC84 /* String+Extension.swift */ = {isa = PBXFileReference; lastKnownFileType = sourcecode.swift; path = "String+Extension.swift"; sourceTree = "<group>"; };
		AAFBDDD82B61603900EB991E /* GFUserInfoViewController.swift */ = {isa = PBXFileReference; lastKnownFileType = sourcecode.swift; path = GFUserInfoViewController.swift; sourceTree = "<group>"; };
/* End PBXFileReference section */

/* Begin PBXFrameworksBuildPhase section */
		AA7DBB212B59CE6B002BE205 /* Frameworks */ = {
			isa = PBXFrameworksBuildPhase;
			buildActionMask = 2147483647;
			files = (
			);
			runOnlyForDeploymentPostprocessing = 0;
		};
/* End PBXFrameworksBuildPhase section */

/* Begin PBXGroup section */
		AA0503F62B5D59C4008D70E1 /* Models */ = {
			isa = PBXGroup;
			children = (
				AA0503F72B5D59DB008D70E1 /* FollowerModel.swift */,
				AA0503F92B5D5A63008D70E1 /* UserModel.swift */,
			);
			name = Models;
			sourceTree = "<group>";
		};
		AA0503FB2B5D648E008D70E1 /* Core */ = {
			isa = PBXGroup;
			children = (
				AA0503FC2B5D65B7008D70E1 /* Managers */,
			);
			name = Core;
			sourceTree = "<group>";
		};
		AA0503FC2B5D65B7008D70E1 /* Managers */ = {
			isa = PBXGroup;
			children = (
				AA0503FD2B5D65C2008D70E1 /* NetworkManager.swift */,
			);
			name = Managers;
			sourceTree = "<group>";
		};
		AA3D0ACD2B605FD0006B8185 /* Views */ = {
			isa = PBXGroup;
			children = (
				AA3D0ACF2B606014006B8185 /* GFEmptyStateView.swift */,
				AAB9071A2B6574E0004DFC84 /* GFItemInfoView.swift */,
			);
			name = Views;
			sourceTree = "<group>";
		};
		AA3D0ACE2B605FF3006B8185 /* Controllers */ = {
			isa = PBXGroup;
			children = (
				AAB907232B658862004DFC84 /* Alert */,
				AAB907222B65884A004DFC84 /* ItemInfoViewControllers */,
			);
			name = Controllers;
			sourceTree = "<group>";
		};
		AA73FA5F2B5DEE5900D2BADD /* Cells */ = {
			isa = PBXGroup;
			children = (
				AA73FA602B5DEEA900D2BADD /* GFFollowerCollectionViewCell.swift */,
			);
			name = Cells;
			sourceTree = "<group>";
		};
		AA73FA622B5DEF0F00D2BADD /* Image */ = {
			isa = PBXGroup;
			children = (
				AA73FA632B5DEF2600D2BADD /* GFAvatarImageView.swift */,
			);
			name = Image;
			sourceTree = "<group>";
		};
		AA77FB942B5C4E6900A0E9DF /* Label */ = {
			isa = PBXGroup;
			children = (
				AA77FB952B5C4E8100A0E9DF /* GFTitleLabel.swift */,
				AA77FB972B5C4FA300A0E9DF /* GFBodyLabel.swift */,
				AAB907132B654A9E004DFC84 /* GFSecondaryTitleLabel.swift */,
			);
			name = Label;
			sourceTree = "<group>";
		};
		AA77FB9C2B5C56BF00A0E9DF /* Utilities */ = {
			isa = PBXGroup;
			children = (
				AAB907172B655B01004DFC84 /* Contants */,
				AA77FB9D2B5C56CA00A0E9DF /* Extension */,
			);
			name = Utilities;
			sourceTree = "<group>";
		};
		AA77FB9D2B5C56CA00A0E9DF /* Extension */ = {
			isa = PBXGroup;
			children = (
				AA77FB9E2B5C56EC00A0E9DF /* UIViewController+Extension.swift */,
				AAB907152B654DB2004DFC84 /* UIView+Extension.swift */,
				AAB907242B658CF0004DFC84 /* Date+Extension.swift */,
				AAB907262B658D1B004DFC84 /* String+Extension.swift */,
			);
			name = Extension;
			sourceTree = "<group>";
		};
		AA7DBB1B2B59CE6B002BE205 = {
			isa = PBXGroup;
			children = (
				AA7DBB262B59CE6B002BE205 /* GHFollowers */,
				AA7DBB252B59CE6B002BE205 /* Products */,
			);
			sourceTree = "<group>";
		};
		AA7DBB252B59CE6B002BE205 /* Products */ = {
			isa = PBXGroup;
			children = (
				AA7DBB242B59CE6B002BE205 /* GHFollowers.app */,
			);
			name = Products;
			sourceTree = "<group>";
		};
		AA7DBB262B59CE6B002BE205 /* GHFollowers */ = {
			isa = PBXGroup;
			children = (
				AA7DBB3B2B59DF2E002BE205 /* App */,
				AA0503FB2B5D648E008D70E1 /* Core */,
				AA77FB9C2B5C56BF00A0E9DF /* Utilities */,
				AA7DBB3D2B59E3F4002BE205 /* Features */,
				AA7DBB472B5AB4A2002BE205 /* Product */,
				AA7DBB3C2B59DF39002BE205 /* Resources */,
			);
			path = GHFollowers;
			sourceTree = "<group>";
		};
		AA7DBB3B2B59DF2E002BE205 /* App */ = {
			isa = PBXGroup;
			children = (
				AA7DBB272B59CE6B002BE205 /* AppDelegate.swift */,
				AA7DBB292B59CE6B002BE205 /* SceneDelegate.swift */,
				AA7DBB322B59CE6C002BE205 /* LaunchScreen.storyboard */,
				AA7DBB352B59CE6C002BE205 /* Info.plist */,
			);
			name = App;
			sourceTree = "<group>";
		};
		AA7DBB3C2B59DF39002BE205 /* Resources */ = {
			isa = PBXGroup;
			children = (
				AA7DBB302B59CE6C002BE205 /* Assets.xcassets */,
			);
			name = Resources;
			sourceTree = "<group>";
		};
		AA7DBB3D2B59E3F4002BE205 /* Features */ = {
			isa = PBXGroup;
			children = (
				AA7DBB3E2B59E3F9002BE205 /* GFSearch */,
				AA7DBB3F2B59E3FD002BE205 /* GFFavorites */,
				AAB907102B654991004DFC84 /* GFProfile */,
			);
			name = Features;
			sourceTree = "<group>";
		};
		AA7DBB3E2B59E3F9002BE205 /* GFSearch */ = {
			isa = PBXGroup;
			children = (
				AA7DBB412B59E4E5002BE205 /* GFSearchViewController.swift */,
				AA7DBB4E2B5AE37D002BE205 /* GFFollowerListViewController.swift */,
			);
			name = GFSearch;
			sourceTree = "<group>";
		};
		AA7DBB3F2B59E3FD002BE205 /* GFFavorites */ = {
			isa = PBXGroup;
			children = (
				AA7DBB432B59E4EF002BE205 /* GFFavoritesViewController.swift */,
			);
			name = GFFavorites;
			sourceTree = "<group>";
		};
		AA7DBB472B5AB4A2002BE205 /* Product */ = {
			isa = PBXGroup;
			children = (
				AA0503F62B5D59C4008D70E1 /* Models */,
				AA3D0ACE2B605FF3006B8185 /* Controllers */,
				AA3D0ACD2B605FD0006B8185 /* Views */,
				AA73FA5F2B5DEE5900D2BADD /* Cells */,
				AA73FA622B5DEF0F00D2BADD /* Image */,
				AA7DBB482B5AB4A5002BE205 /* Button */,
				AA77FB942B5C4E6900A0E9DF /* Label */,
				AA7DBB4B2B5AD93F002BE205 /* TextField */,
			);
			name = Product;
			sourceTree = "<group>";
		};
		AA7DBB482B5AB4A5002BE205 /* Button */ = {
			isa = PBXGroup;
			children = (
				AA7DBB492B5AB4C0002BE205 /* GFButton.swift */,
			);
			name = Button;
			sourceTree = "<group>";
		};
		AA7DBB4B2B5AD93F002BE205 /* TextField */ = {
			isa = PBXGroup;
			children = (
				AA7DBB4C2B5AD957002BE205 /* GFTextField.swift */,
			);
			name = TextField;
			sourceTree = "<group>";
		};
		AAB907102B654991004DFC84 /* GFProfile */ = {
			isa = PBXGroup;
			children = (
				AAFBDDD82B61603900EB991E /* GFUserInfoViewController.swift */,
				AAB907112B654A3C004DFC84 /* GFUserInfoHeaderViewController.swift */,
			);
			name = GFProfile;
			sourceTree = "<group>";
		};
		AAB907172B655B01004DFC84 /* Contants */ = {
			isa = PBXGroup;
			children = (
				AAB907182B655B0B004DFC84 /* SFSymbols.swift */,
			);
			name = Contants;
			sourceTree = "<group>";
		};
		AAB907222B65884A004DFC84 /* ItemInfoViewControllers */ = {
			isa = PBXGroup;
			children = (
				AAB9071C2B657D32004DFC84 /* GFItemInfoViewController.swift */,
				AAB9071E2B657F47004DFC84 /* GFRepoItemViewController.swift */,
				AAB907202B658809004DFC84 /* GFFollowerItemViewController.swift */,
			);
			name = ItemInfoViewControllers;
			sourceTree = "<group>";
		};
		AAB907232B658862004DFC84 /* Alert */ = {
			isa = PBXGroup;
			children = (
				AA77FB9A2B5C515000A0E9DF /* GFAlertViewController.swift */,
			);
			name = Alert;
			sourceTree = "<group>";
		};
/* End PBXGroup section */

/* Begin PBXNativeTarget section */
		AA7DBB232B59CE6B002BE205 /* GHFollowers */ = {
			isa = PBXNativeTarget;
			buildConfigurationList = AA7DBB382B59CE6C002BE205 /* Build configuration list for PBXNativeTarget "GHFollowers" */;
			buildPhases = (
				AA7DBB202B59CE6B002BE205 /* Sources */,
				AA7DBB212B59CE6B002BE205 /* Frameworks */,
				AA7DBB222B59CE6B002BE205 /* Resources */,
			);
			buildRules = (
			);
			dependencies = (
			);
			name = GHFollowers;
			productName = GiHFollowers;
			productReference = AA7DBB242B59CE6B002BE205 /* GHFollowers.app */;
			productType = "com.apple.product-type.application";
		};
/* End PBXNativeTarget section */

/* Begin PBXProject section */
		AA7DBB1C2B59CE6B002BE205 /* Project object */ = {
			isa = PBXProject;
			attributes = {
				BuildIndependentTargetsInParallel = 1;
				LastSwiftUpdateCheck = 1520;
				LastUpgradeCheck = 1520;
				TargetAttributes = {
					AA7DBB232B59CE6B002BE205 = {
						CreatedOnToolsVersion = 15.2;
					};
				};
			};
			buildConfigurationList = AA7DBB1F2B59CE6B002BE205 /* Build configuration list for PBXProject "GHFollowers" */;
			compatibilityVersion = "Xcode 14.0";
			developmentRegion = en;
			hasScannedForEncodings = 0;
			knownRegions = (
				en,
				Base,
			);
			mainGroup = AA7DBB1B2B59CE6B002BE205;
			productRefGroup = AA7DBB252B59CE6B002BE205 /* Products */;
			projectDirPath = "";
			projectRoot = "";
			targets = (
				AA7DBB232B59CE6B002BE205 /* GHFollowers */,
			);
		};
/* End PBXProject section */

/* Begin PBXResourcesBuildPhase section */
		AA7DBB222B59CE6B002BE205 /* Resources */ = {
			isa = PBXResourcesBuildPhase;
			buildActionMask = 2147483647;
			files = (
				AA7DBB342B59CE6C002BE205 /* LaunchScreen.storyboard in Resources */,
				AA7DBB312B59CE6C002BE205 /* Assets.xcassets in Resources */,
			);
			runOnlyForDeploymentPostprocessing = 0;
		};
/* End PBXResourcesBuildPhase section */

/* Begin PBXSourcesBuildPhase section */
		AA7DBB202B59CE6B002BE205 /* Sources */ = {
			isa = PBXSourcesBuildPhase;
			buildActionMask = 2147483647;
			files = (
				AAB9071D2B657D32004DFC84 /* GFItemInfoViewController.swift in Sources */,
				AA0503FA2B5D5A63008D70E1 /* UserModel.swift in Sources */,
				AA77FB9B2B5C515000A0E9DF /* GFAlertViewController.swift in Sources */,
				AAB9071B2B6574E0004DFC84 /* GFItemInfoView.swift in Sources */,
				AAB907122B654A3C004DFC84 /* GFUserInfoHeaderViewController.swift in Sources */,
				AA77FB9F2B5C56EC00A0E9DF /* UIViewController+Extension.swift in Sources */,
				AAB907212B658809004DFC84 /* GFFollowerItemViewController.swift in Sources */,
				AA7DBB4D2B5AD957002BE205 /* GFTextField.swift in Sources */,
				AAB907272B658D1B004DFC84 /* String+Extension.swift in Sources */,
				AAB907252B658CF0004DFC84 /* Date+Extension.swift in Sources */,
				AA77FB962B5C4E8100A0E9DF /* GFTitleLabel.swift in Sources */,
				AA7DBB282B59CE6B002BE205 /* AppDelegate.swift in Sources */,
				AA73FA612B5DEEA900D2BADD /* GFFollowerCollectionViewCell.swift in Sources */,
				AA3D0AD02B606014006B8185 /* GFEmptyStateView.swift in Sources */,
				AAB907142B654A9E004DFC84 /* GFSecondaryTitleLabel.swift in Sources */,
				AA0503F82B5D59DB008D70E1 /* FollowerModel.swift in Sources */,
				AA7DBB4A2B5AB4C0002BE205 /* GFButton.swift in Sources */,
				AA77FB982B5C4FA300A0E9DF /* GFBodyLabel.swift in Sources */,
				AA7DBB4F2B5AE37D002BE205 /* GFFollowerListViewController.swift in Sources */,
				AAB907192B655B0B004DFC84 /* SFSymbols.swift in Sources */,
				AAB9071F2B657F47004DFC84 /* GFRepoItemViewController.swift in Sources */,
				AA0503FE2B5D65C2008D70E1 /* NetworkManager.swift in Sources */,
				AAB907162B654DB2004DFC84 /* UIView+Extension.swift in Sources */,
				AA73FA642B5DEF2600D2BADD /* GFAvatarImageView.swift in Sources */,
				AA7DBB2A2B59CE6B002BE205 /* SceneDelegate.swift in Sources */,
				AA7DBB422B59E4E5002BE205 /* GFSearchViewController.swift in Sources */,
				AAFBDDD92B61603900EB991E /* GFUserInfoViewController.swift in Sources */,
				AA7DBB442B59E4EF002BE205 /* GFFavoritesViewController.swift in Sources */,
			);
			runOnlyForDeploymentPostprocessing = 0;
		};
/* End PBXSourcesBuildPhase section */

/* Begin PBXVariantGroup section */
		AA7DBB322B59CE6C002BE205 /* LaunchScreen.storyboard */ = {
			isa = PBXVariantGroup;
			children = (
				AA7DBB332B59CE6C002BE205 /* Base */,
			);
			name = LaunchScreen.storyboard;
			sourceTree = "<group>";
		};
/* End PBXVariantGroup section */

/* Begin XCBuildConfiguration section */
		AA7DBB362B59CE6C002BE205 /* Debug */ = {
			isa = XCBuildConfiguration;
			buildSettings = {
				ALWAYS_SEARCH_USER_PATHS = NO;
				ASSETCATALOG_COMPILER_GENERATE_SWIFT_ASSET_SYMBOL_EXTENSIONS = YES;
				CLANG_ANALYZER_NONNULL = YES;
				CLANG_ANALYZER_NUMBER_OBJECT_CONVERSION = YES_AGGRESSIVE;
				CLANG_CXX_LANGUAGE_STANDARD = "gnu++20";
				CLANG_ENABLE_MODULES = YES;
				CLANG_ENABLE_OBJC_ARC = YES;
				CLANG_ENABLE_OBJC_WEAK = YES;
				CLANG_WARN_BLOCK_CAPTURE_AUTORELEASING = YES;
				CLANG_WARN_BOOL_CONVERSION = YES;
				CLANG_WARN_COMMA = YES;
				CLANG_WARN_CONSTANT_CONVERSION = YES;
				CLANG_WARN_DEPRECATED_OBJC_IMPLEMENTATIONS = YES;
				CLANG_WARN_DIRECT_OBJC_ISA_USAGE = YES_ERROR;
				CLANG_WARN_DOCUMENTATION_COMMENTS = YES;
				CLANG_WARN_EMPTY_BODY = YES;
				CLANG_WARN_ENUM_CONVERSION = YES;
				CLANG_WARN_INFINITE_RECURSION = YES;
				CLANG_WARN_INT_CONVERSION = YES;
				CLANG_WARN_NON_LITERAL_NULL_CONVERSION = YES;
				CLANG_WARN_OBJC_IMPLICIT_RETAIN_SELF = YES;
				CLANG_WARN_OBJC_LITERAL_CONVERSION = YES;
				CLANG_WARN_OBJC_ROOT_CLASS = YES_ERROR;
				CLANG_WARN_QUOTED_INCLUDE_IN_FRAMEWORK_HEADER = YES;
				CLANG_WARN_RANGE_LOOP_ANALYSIS = YES;
				CLANG_WARN_STRICT_PROTOTYPES = YES;
				CLANG_WARN_SUSPICIOUS_MOVE = YES;
				CLANG_WARN_UNGUARDED_AVAILABILITY = YES_AGGRESSIVE;
				CLANG_WARN_UNREACHABLE_CODE = YES;
				CLANG_WARN__DUPLICATE_METHOD_MATCH = YES;
				COPY_PHASE_STRIP = NO;
				DEBUG_INFORMATION_FORMAT = dwarf;
				ENABLE_STRICT_OBJC_MSGSEND = YES;
				ENABLE_TESTABILITY = YES;
				ENABLE_USER_SCRIPT_SANDBOXING = YES;
				GCC_C_LANGUAGE_STANDARD = gnu17;
				GCC_DYNAMIC_NO_PIC = NO;
				GCC_NO_COMMON_BLOCKS = YES;
				GCC_OPTIMIZATION_LEVEL = 0;
				GCC_PREPROCESSOR_DEFINITIONS = (
					"DEBUG=1",
					"$(inherited)",
				);
				GCC_WARN_64_TO_32_BIT_CONVERSION = YES;
				GCC_WARN_ABOUT_RETURN_TYPE = YES_ERROR;
				GCC_WARN_UNDECLARED_SELECTOR = YES;
				GCC_WARN_UNINITIALIZED_AUTOS = YES_AGGRESSIVE;
				GCC_WARN_UNUSED_FUNCTION = YES;
				GCC_WARN_UNUSED_VARIABLE = YES;
				IPHONEOS_DEPLOYMENT_TARGET = 17.2;
				LOCALIZATION_PREFERS_STRING_CATALOGS = YES;
				MTL_ENABLE_DEBUG_INFO = INCLUDE_SOURCE;
				MTL_FAST_MATH = YES;
				ONLY_ACTIVE_ARCH = YES;
				SDKROOT = iphoneos;
				SWIFT_ACTIVE_COMPILATION_CONDITIONS = "DEBUG $(inherited)";
				SWIFT_OPTIMIZATION_LEVEL = "-Onone";
			};
			name = Debug;
		};
		AA7DBB372B59CE6C002BE205 /* Release */ = {
			isa = XCBuildConfiguration;
			buildSettings = {
				ALWAYS_SEARCH_USER_PATHS = NO;
				ASSETCATALOG_COMPILER_GENERATE_SWIFT_ASSET_SYMBOL_EXTENSIONS = YES;
				CLANG_ANALYZER_NONNULL = YES;
				CLANG_ANALYZER_NUMBER_OBJECT_CONVERSION = YES_AGGRESSIVE;
				CLANG_CXX_LANGUAGE_STANDARD = "gnu++20";
				CLANG_ENABLE_MODULES = YES;
				CLANG_ENABLE_OBJC_ARC = YES;
				CLANG_ENABLE_OBJC_WEAK = YES;
				CLANG_WARN_BLOCK_CAPTURE_AUTORELEASING = YES;
				CLANG_WARN_BOOL_CONVERSION = YES;
				CLANG_WARN_COMMA = YES;
				CLANG_WARN_CONSTANT_CONVERSION = YES;
				CLANG_WARN_DEPRECATED_OBJC_IMPLEMENTATIONS = YES;
				CLANG_WARN_DIRECT_OBJC_ISA_USAGE = YES_ERROR;
				CLANG_WARN_DOCUMENTATION_COMMENTS = YES;
				CLANG_WARN_EMPTY_BODY = YES;
				CLANG_WARN_ENUM_CONVERSION = YES;
				CLANG_WARN_INFINITE_RECURSION = YES;
				CLANG_WARN_INT_CONVERSION = YES;
				CLANG_WARN_NON_LITERAL_NULL_CONVERSION = YES;
				CLANG_WARN_OBJC_IMPLICIT_RETAIN_SELF = YES;
				CLANG_WARN_OBJC_LITERAL_CONVERSION = YES;
				CLANG_WARN_OBJC_ROOT_CLASS = YES_ERROR;
				CLANG_WARN_QUOTED_INCLUDE_IN_FRAMEWORK_HEADER = YES;
				CLANG_WARN_RANGE_LOOP_ANALYSIS = YES;
				CLANG_WARN_STRICT_PROTOTYPES = YES;
				CLANG_WARN_SUSPICIOUS_MOVE = YES;
				CLANG_WARN_UNGUARDED_AVAILABILITY = YES_AGGRESSIVE;
				CLANG_WARN_UNREACHABLE_CODE = YES;
				CLANG_WARN__DUPLICATE_METHOD_MATCH = YES;
				COPY_PHASE_STRIP = NO;
				DEBUG_INFORMATION_FORMAT = "dwarf-with-dsym";
				ENABLE_NS_ASSERTIONS = NO;
				ENABLE_STRICT_OBJC_MSGSEND = YES;
				ENABLE_USER_SCRIPT_SANDBOXING = YES;
				GCC_C_LANGUAGE_STANDARD = gnu17;
				GCC_NO_COMMON_BLOCKS = YES;
				GCC_WARN_64_TO_32_BIT_CONVERSION = YES;
				GCC_WARN_ABOUT_RETURN_TYPE = YES_ERROR;
				GCC_WARN_UNDECLARED_SELECTOR = YES;
				GCC_WARN_UNINITIALIZED_AUTOS = YES_AGGRESSIVE;
				GCC_WARN_UNUSED_FUNCTION = YES;
				GCC_WARN_UNUSED_VARIABLE = YES;
				IPHONEOS_DEPLOYMENT_TARGET = 17.2;
				LOCALIZATION_PREFERS_STRING_CATALOGS = YES;
				MTL_ENABLE_DEBUG_INFO = NO;
				MTL_FAST_MATH = YES;
				SDKROOT = iphoneos;
				SWIFT_COMPILATION_MODE = wholemodule;
				VALIDATE_PRODUCT = YES;
			};
			name = Release;
		};
		AA7DBB392B59CE6C002BE205 /* Debug */ = {
			isa = XCBuildConfiguration;
			buildSettings = {
				ASSETCATALOG_COMPILER_APPICON_NAME = AppIcon;
				ASSETCATALOG_COMPILER_GLOBAL_ACCENT_COLOR_NAME = AccentColor;
				CODE_SIGN_STYLE = Automatic;
				CURRENT_PROJECT_VERSION = 1;
				DEVELOPMENT_TEAM = 46PR5V47LD;
				GENERATE_INFOPLIST_FILE = YES;
				INFOPLIST_FILE = GHFollowers/Info.plist;
				INFOPLIST_KEY_CFBundleDisplayName = "GH Followers";
				INFOPLIST_KEY_UIApplicationSupportsIndirectInputEvents = YES;
				INFOPLIST_KEY_UILaunchStoryboardName = LaunchScreen;
				INFOPLIST_KEY_UISupportedInterfaceOrientations = UIInterfaceOrientationPortrait;
				LD_RUNPATH_SEARCH_PATHS = (
					"$(inherited)",
					"@executable_path/Frameworks",
				);
				MARKETING_VERSION = 1.0;
				PRODUCT_BUNDLE_IDENTIFIER = com.yunusberdibek.GHFollowers;
				PRODUCT_NAME = "$(TARGET_NAME)";
				SWIFT_EMIT_LOC_STRINGS = YES;
				SWIFT_VERSION = 5.0;
				TARGETED_DEVICE_FAMILY = "1,2";
			};
			name = Debug;
		};
		AA7DBB3A2B59CE6C002BE205 /* Release */ = {
			isa = XCBuildConfiguration;
			buildSettings = {
				ASSETCATALOG_COMPILER_APPICON_NAME = AppIcon;
				ASSETCATALOG_COMPILER_GLOBAL_ACCENT_COLOR_NAME = AccentColor;
				CODE_SIGN_STYLE = Automatic;
				CURRENT_PROJECT_VERSION = 1;
				DEVELOPMENT_TEAM = 46PR5V47LD;
				GENERATE_INFOPLIST_FILE = YES;
				INFOPLIST_FILE = GHFollowers/Info.plist;
				INFOPLIST_KEY_CFBundleDisplayName = "GH Followers";
				INFOPLIST_KEY_UIApplicationSupportsIndirectInputEvents = YES;
				INFOPLIST_KEY_UILaunchStoryboardName = LaunchScreen;
				INFOPLIST_KEY_UISupportedInterfaceOrientations = UIInterfaceOrientationPortrait;
				LD_RUNPATH_SEARCH_PATHS = (
					"$(inherited)",
					"@executable_path/Frameworks",
				);
				MARKETING_VERSION = 1.0;
				PRODUCT_BUNDLE_IDENTIFIER = com.yunusberdibek.GHFollowers;
				PRODUCT_NAME = "$(TARGET_NAME)";
				SWIFT_EMIT_LOC_STRINGS = YES;
				SWIFT_VERSION = 5.0;
				TARGETED_DEVICE_FAMILY = "1,2";
			};
			name = Release;
		};
/* End XCBuildConfiguration section */

/* Begin XCConfigurationList section */
		AA7DBB1F2B59CE6B002BE205 /* Build configuration list for PBXProject "GHFollowers" */ = {
			isa = XCConfigurationList;
			buildConfigurations = (
				AA7DBB362B59CE6C002BE205 /* Debug */,
				AA7DBB372B59CE6C002BE205 /* Release */,
			);
			defaultConfigurationIsVisible = 0;
			defaultConfigurationName = Release;
		};
		AA7DBB382B59CE6C002BE205 /* Build configuration list for PBXNativeTarget "GHFollowers" */ = {
			isa = XCConfigurationList;
			buildConfigurations = (
				AA7DBB392B59CE6C002BE205 /* Debug */,
				AA7DBB3A2B59CE6C002BE205 /* Release */,
			);
			defaultConfigurationIsVisible = 0;
			defaultConfigurationName = Release;
		};
/* End XCConfigurationList section */
	};
	rootObject = AA7DBB1C2B59CE6B002BE205 /* Project object */;
}
